
Microsoft Visual Studio Solution File, Format Version 12.00
# Visual Studio 2013
Project("{FAE04EC0-301F-11D3-BF4B-00C04F79EFBC}") = "UnityVS.PromoFurniture.CSharp", "UnityVS.PromoFurniture.CSharp.csproj", "{28E5D364-A830-97D4-A5DF-864CFCBB4E39}"
EndProject
Project("{FAE04EC0-301F-11D3-BF4B-00C04F79EFBC}") = "UnityVS.PromoFurniture.CSharp.Editor", "UnityVS.PromoFurniture.CSharp.Editor.csproj", "{3F2CCEB3-1C22-5E59-9C8A-8DDABE17C398}"
EndProject
Global
	GlobalSection(SolutionConfigurationPlatforms) = preSolution
		Debug|Any CPU = Debug|Any CPU
		Release|Any CPU = Release|Any CPU
	EndGlobalSection
	GlobalSection(ProjectConfigurationPlatforms) = postSolution
		{28E5D364-A830-97D4-A5DF-864CFCBB4E39}.Debug|Any CPU.ActiveCfg = Debug|Any CPU
		{28E5D364-A830-97D4-A5DF-864CFCBB4E39}.Debug|Any CPU.Build.0 = Debug|Any CPU
		{28E5D364-A830-97D4-A5DF-864CFCBB4E39}.Release|Any CPU.ActiveCfg = Release|Any CPU
		{28E5D364-A830-97D4-A5DF-864CFCBB4E39}.Release|Any CPU.Build.0 = Release|Any CPU
		{3F2CCEB3-1C22-5E59-9C8A-8DDABE17C398}.Debug|Any CPU.ActiveCfg = Debug|Any CPU
		{3F2CCEB3-1C22-5E59-9C8A-8DDABE17C398}.Debug|Any CPU.Build.0 = Debug|Any CPU
		{3F2CCEB3-1C22-5E59-9C8A-8DDABE17C398}.Release|Any CPU.ActiveCfg = Release|Any CPU
		{3F2CCEB3-1C22-5E59-9C8A-8DDABE17C398}.Release|Any CPU.Build.0 = Release|Any CPU
	EndGlobalSection
	GlobalSection(SolutionProperties) = preSolution
		HideSolutionNode = FALSE
	EndGlobalSection
EndGlobal
